
Microsoft Visual Studio Solution File, Format Version 12.00
# Visual Studio 15
VisualStudioVersion = 15.0.28307.421
MinimumVisualStudioVersion = 10.0.40219.1
Project("{9A19103F-16F7-4668-BE54-9A1E7A4F7556}") = "Api1Resource", "Api1Resource.csproj", "{6F5ED798-30EA-472E-B141-297294EFC339}"
EndProject
Global
	GlobalSection(SolutionConfigurationPlatforms) = preSolution
		Debug|Any CPU = Debug|Any CPU
		Release|Any CPU = Release|Any CPU
	EndGlobalSection
	GlobalSection(ProjectConfigurationPlatforms) = postSolution
		{6F5ED798-30EA-472E-B141-297294EFC339}.Debug|Any CPU.ActiveCfg = Debug|Any CPU
		{6F5ED798-30EA-472E-B141-297294EFC339}.Debug|Any CPU.Build.0 = Debug|Any CPU
		{6F5ED798-30EA-472E-B141-297294EFC339}.Release|Any CPU.ActiveCfg = Release|Any CPU
		{6F5ED798-30EA-472E-B141-297294EFC339}.Release|Any CPU.Build.0 = Release|Any CPU
	EndGlobalSection
	GlobalSection(SolutionProperties) = preSolution
		HideSolutionNode = FALSE
	EndGlobalSection
	GlobalSection(ExtensibilityGlobals) = postSolution
		SolutionGuid = {D35E6DD5-354A-44AC-9659-0910E82121F2}
	EndGlobalSection
EndGlobal
